
Microsoft Visual Studio Solution File, Format Version 12.00
# Visual Studio Version 16
VisualStudioVersion = 16.0.31205.134
MinimumVisualStudioVersion = 10.0.40219.1
Project("{FAE04EC0-301F-11D3-BF4B-00C04F79EFBC}") = "PreencherChequePorExtenso.consoleApp", "PreencherChequePorExtenso.consoleApp\PreencherChequePorExtenso.consoleApp.csproj", "{0B190FDB-C500-447F-8F4E-ABE159B960D8}"
EndProject
Project("{FAE04EC0-301F-11D3-BF4B-00C04F79EFBC}") = "ChequePorExtensoTests", "ChequePorExtensoTests\ChequePorExtensoTests.csproj", "{15BBD850-4EE3-44B0-BAED-396289B78487}"
EndProject
Global
	GlobalSection(SolutionConfigurationPlatforms) = preSolution
		Debug|Any CPU = Debug|Any CPU
		Release|Any CPU = Release|Any CPU
	EndGlobalSection
	GlobalSection(ProjectConfigurationPlatforms) = postSolution
		{0B190FDB-C500-447F-8F4E-ABE159B960D8}.Debug|Any CPU.ActiveCfg = Debug|Any CPU
		{0B190FDB-C500-447F-8F4E-ABE159B960D8}.Debug|Any CPU.Build.0 = Debug|Any CPU
		{0B190FDB-C500-447F-8F4E-ABE159B960D8}.Release|Any CPU.ActiveCfg = Release|Any CPU
		{0B190FDB-C500-447F-8F4E-ABE159B960D8}.Release|Any CPU.Build.0 = Release|Any CPU
		{15BBD850-4EE3-44B0-BAED-396289B78487}.Debug|Any CPU.ActiveCfg = Debug|Any CPU
		{15BBD850-4EE3-44B0-BAED-396289B78487}.Debug|Any CPU.Build.0 = Debug|Any CPU
		{15BBD850-4EE3-44B0-BAED-396289B78487}.Release|Any CPU.ActiveCfg = Release|Any CPU
		{15BBD850-4EE3-44B0-BAED-396289B78487}.Release|Any CPU.Build.0 = Release|Any CPU
	EndGlobalSection
	GlobalSection(SolutionProperties) = preSolution
		HideSolutionNode = FALSE
	EndGlobalSection
	GlobalSection(ExtensibilityGlobals) = postSolution
		SolutionGuid = {92FE82F5-4990-476E-AF02-721E479AAB7F}
	EndGlobalSection
EndGlobal
